
Microsoft Visual Studio Solution File, Format Version 12.00
# Visual Studio 15
VisualStudioVersion = 15.0.28307.1000
MinimumVisualStudioVersion = 10.0.40219.1
Project("{FAE04EC0-301F-11D3-BF4B-00C04F79EFBC}") = "Alarms.Android", "Alarms\Alarms.Android\Alarms.Android.csproj", "{8B95B3CC-03C8-4CE3-AA91-2A1EAAFEB103}"
EndProject
Project("{FAE04EC0-301F-11D3-BF4B-00C04F79EFBC}") = "Alarms", "Alarms\Alarms\Alarms.csproj", "{289BF62E-3C4C-4676-B115-C63A5E4EF037}"
EndProject
Global
	GlobalSection(SolutionConfigurationPlatforms) = preSolution
		Debug|Any CPU = Debug|Any CPU
		Release|Any CPU = Release|Any CPU
	EndGlobalSection
	GlobalSection(ProjectConfigurationPlatforms) = postSolution
		{8B95B3CC-03C8-4CE3-AA91-2A1EAAFEB103}.Debug|Any CPU.ActiveCfg = Debug|Any CPU
		{8B95B3CC-03C8-4CE3-AA91-2A1EAAFEB103}.Debug|Any CPU.Build.0 = Debug|Any CPU
		{8B95B3CC-03C8-4CE3-AA91-2A1EAAFEB103}.Debug|Any CPU.Deploy.0 = Debug|Any CPU
		{8B95B3CC-03C8-4CE3-AA91-2A1EAAFEB103}.Release|Any CPU.ActiveCfg = Release|Any CPU
		{8B95B3CC-03C8-4CE3-AA91-2A1EAAFEB103}.Release|Any CPU.Build.0 = Release|Any CPU
		{8B95B3CC-03C8-4CE3-AA91-2A1EAAFEB103}.Release|Any CPU.Deploy.0 = Release|Any CPU
		{289BF62E-3C4C-4676-B115-C63A5E4EF037}.Debug|Any CPU.ActiveCfg = Debug|Any CPU
		{289BF62E-3C4C-4676-B115-C63A5E4EF037}.Debug|Any CPU.Build.0 = Debug|Any CPU
		{289BF62E-3C4C-4676-B115-C63A5E4EF037}.Debug|Any CPU.Deploy.0 = Debug|Any CPU
		{289BF62E-3C4C-4676-B115-C63A5E4EF037}.Release|Any CPU.ActiveCfg = Release|Any CPU
		{289BF62E-3C4C-4676-B115-C63A5E4EF037}.Release|Any CPU.Build.0 = Release|Any CPU
		{289BF62E-3C4C-4676-B115-C63A5E4EF037}.Release|Any CPU.Deploy.0 = Release|Any CPU
	EndGlobalSection
	GlobalSection(SolutionProperties) = preSolution
		HideSolutionNode = FALSE
	EndGlobalSection
	GlobalSection(ExtensibilityGlobals) = postSolution
		SolutionGuid = {2F7B847C-8FFB-4BB0-99A9-C608815B0AE9}
	EndGlobalSection
EndGlobal
